
Microsoft Visual Studio Solution File, Format Version 12.00
# Visual Studio Version 17
VisualStudioVersion = 17.11.35222.181
MinimumVisualStudioVersion = 10.0.40219.1
Project("{FAE04EC0-301F-11D3-BF4B-00C04F79EFBC}") = "ConsoleApp2", "ConsoleApp2\ConsoleApp2.csproj", "{95D02D7E-06B5-4269-9644-51900AE1D48E}"
EndProject
Global
	GlobalSection(SolutionConfigurationPlatforms) = preSolution
		Debug|Any CPU = Debug|Any CPU
		Release|Any CPU = Release|Any CPU
	EndGlobalSection
	GlobalSection(ProjectConfigurationPlatforms) = postSolution
		{95D02D7E-06B5-4269-9644-51900AE1D48E}.Debug|Any CPU.ActiveCfg = Debug|Any CPU
		{95D02D7E-06B5-4269-9644-51900AE1D48E}.Debug|Any CPU.Build.0 = Debug|Any CPU
		{95D02D7E-06B5-4269-9644-51900AE1D48E}.Release|Any CPU.ActiveCfg = Release|Any CPU
		{95D02D7E-06B5-4269-9644-51900AE1D48E}.Release|Any CPU.Build.0 = Release|Any CPU
	EndGlobalSection
	GlobalSection(SolutionProperties) = preSolution
		HideSolutionNode = FALSE
	EndGlobalSection
	GlobalSection(ExtensibilityGlobals) = postSolution
		SolutionGuid = {FE2327E9-E744-4704-9AFB-D24612EFEE04}
	EndGlobalSection
EndGlobal
